
Microsoft Visual Studio Solution File, Format Version 12.00
# Visual Studio 15
VisualStudioVersion = 15.0.27428.2015
MinimumVisualStudioVersion = 10.0.40219.1
Project("{FAE04EC0-301F-11D3-BF4B-00C04F79EFBC}") = "Domain", "Domain\Domain.csproj", "{C23323A8-DA7D-4B84-88FE-471E9FCC3DF9}"
EndProject
Project("{FAE04EC0-301F-11D3-BF4B-00C04F79EFBC}") = "DataModel", "DataModel\DataModel.csproj", "{396F7639-87F3-421D-AE5B-EAB1F945D9D5}"
EndProject
Project("{FAE04EC0-301F-11D3-BF4B-00C04F79EFBC}") = "Api", "Api\Api.csproj", "{1A27FE5E-3D5B-4166-8E54-B486298B262F}"
EndProject
Project("{FAE04EC0-301F-11D3-BF4B-00C04F79EFBC}") = "Infrastructure", "Infrastructure\Infrastructure.csproj", "{04AFDCB2-73C3-4597-80B3-16099C762B8A}"
EndProject
Project("{FAE04EC0-301F-11D3-BF4B-00C04F79EFBC}") = "Domain.Tests", "Domain.Tests\Domain.Tests.csproj", "{F3925B15-0861-4336-A8D4-DD3782E151EE}"
EndProject
Project("{FAE04EC0-301F-11D3-BF4B-00C04F79EFBC}") = "AudioServices.NAudio", "AudioServices.NAudio\AudioServices.NAudio.csproj", "{01414C17-C742-4177-AFB3-3A7D56CB800F}"
EndProject
Global
	GlobalSection(SolutionConfigurationPlatforms) = preSolution
		Debug|Any CPU = Debug|Any CPU
		Release|Any CPU = Release|Any CPU
	EndGlobalSection
	GlobalSection(ProjectConfigurationPlatforms) = postSolution
		{C23323A8-DA7D-4B84-88FE-471E9FCC3DF9}.Debug|Any CPU.ActiveCfg = Debug|Any CPU
		{C23323A8-DA7D-4B84-88FE-471E9FCC3DF9}.Debug|Any CPU.Build.0 = Debug|Any CPU
		{C23323A8-DA7D-4B84-88FE-471E9FCC3DF9}.Release|Any CPU.ActiveCfg = Release|Any CPU
		{C23323A8-DA7D-4B84-88FE-471E9FCC3DF9}.Release|Any CPU.Build.0 = Release|Any CPU
		{396F7639-87F3-421D-AE5B-EAB1F945D9D5}.Debug|Any CPU.ActiveCfg = Debug|Any CPU
		{396F7639-87F3-421D-AE5B-EAB1F945D9D5}.Debug|Any CPU.Build.0 = Debug|Any CPU
		{396F7639-87F3-421D-AE5B-EAB1F945D9D5}.Release|Any CPU.ActiveCfg = Release|Any CPU
		{396F7639-87F3-421D-AE5B-EAB1F945D9D5}.Release|Any CPU.Build.0 = Release|Any CPU
		{1A27FE5E-3D5B-4166-8E54-B486298B262F}.Debug|Any CPU.ActiveCfg = Debug|Any CPU
		{1A27FE5E-3D5B-4166-8E54-B486298B262F}.Debug|Any CPU.Build.0 = Debug|Any CPU
		{1A27FE5E-3D5B-4166-8E54-B486298B262F}.Release|Any CPU.ActiveCfg = Release|Any CPU
		{1A27FE5E-3D5B-4166-8E54-B486298B262F}.Release|Any CPU.Build.0 = Release|Any CPU
		{04AFDCB2-73C3-4597-80B3-16099C762B8A}.Debug|Any CPU.ActiveCfg = Debug|Any CPU
		{04AFDCB2-73C3-4597-80B3-16099C762B8A}.Debug|Any CPU.Build.0 = Debug|Any CPU
		{04AFDCB2-73C3-4597-80B3-16099C762B8A}.Release|Any CPU.ActiveCfg = Release|Any CPU
		{04AFDCB2-73C3-4597-80B3-16099C762B8A}.Release|Any CPU.Build.0 = Release|Any CPU
		{F3925B15-0861-4336-A8D4-DD3782E151EE}.Debug|Any CPU.ActiveCfg = Debug|Any CPU
		{F3925B15-0861-4336-A8D4-DD3782E151EE}.Debug|Any CPU.Build.0 = Debug|Any CPU
		{F3925B15-0861-4336-A8D4-DD3782E151EE}.Release|Any CPU.ActiveCfg = Release|Any CPU
		{F3925B15-0861-4336-A8D4-DD3782E151EE}.Release|Any CPU.Build.0 = Release|Any CPU
		{01414C17-C742-4177-AFB3-3A7D56CB800F}.Debug|Any CPU.ActiveCfg = Debug|Any CPU
		{01414C17-C742-4177-AFB3-3A7D56CB800F}.Debug|Any CPU.Build.0 = Debug|Any CPU
		{01414C17-C742-4177-AFB3-3A7D56CB800F}.Release|Any CPU.ActiveCfg = Release|Any CPU
		{01414C17-C742-4177-AFB3-3A7D56CB800F}.Release|Any CPU.Build.0 = Release|Any CPU
	EndGlobalSection
	GlobalSection(SolutionProperties) = preSolution
		HideSolutionNode = FALSE
	EndGlobalSection
	GlobalSection(ExtensibilityGlobals) = postSolution
		SolutionGuid = {008BB0E5-50C5-4C38-8672-6716309CF48C}
	EndGlobalSection
EndGlobal
